PODS:
  - Flutter (1.0.0)
  - onboarding_flutter_wrapper (2.0.1):
    - Flutter

DEPENDENCIES:
  - Flutter (from `Flutter`)
  - onboarding_flutter_wrapper (from `.symlinks/plugins/onboarding_flutter_wrapper/ios`)

EXTERNAL SOURCES:
  Flutter:
    :path: Flutter
  onboarding_flutter_wrapper:
    :path: ".symlinks/plugins/onboarding_flutter_wrapper/ios"

SPEC CHECKSUMS:
  Flutter: f04841e97a9d0b0a8025694d0796dd46242b2854
  onboarding_flutter_wrapper: 63a30aa7d47ebda1f4583455ed534fac9ecfaa56

PODFILE CHECKSUM: 7368163408c647b7eb699d0d788ba6718e18fb8d

COCOAPODS: 1.11.3
